Microsoft Visual Studio Solution File, Format Version 12.00
# Visual Studio Version 17
VisualStudioVersion = 17.5.2.0
MinimumVisualStudioVersion = 10.0.40219.1
Project("{FAE04EC0-301F-11D3-BF4B-00C04F79EFBC}") = "CalculadoraMetodo", "CalculadoraMetodo.csproj", "{0E29EBC8-6438-F22B-FE05-44EB4A10A083}"
EndProject
Global
	GlobalSection(SolutionConfigurationPlatforms) = preSolution
		Debug|Any CPU = Debug|Any CPU
		Release|Any CPU = Release|Any CPU
	EndGlobalSection
	GlobalSection(ProjectConfigurationPlatforms) = postSolution
		{0E29EBC8-6438-F22B-FE05-44EB4A10A083}.Debug|Any CPU.ActiveCfg = Debug|Any CPU
		{0E29EBC8-6438-F22B-FE05-44EB4A10A083}.Debug|Any CPU.Build.0 = Debug|Any CPU
		{0E29EBC8-6438-F22B-FE05-44EB4A10A083}.Release|Any CPU.ActiveCfg = Release|Any CPU
		{0E29EBC8-6438-F22B-FE05-44EB4A10A083}.Release|Any CPU.Build.0 = Release|Any CPU
	EndGlobalSection
	GlobalSection(SolutionProperties) = preSolution
		HideSolutionNode = FALSE
	EndGlobalSection
	GlobalSection(ExtensibilityGlobals) = postSolution
		SolutionGuid = {035CF330-CE7F-4A8C-8F6C-56B56411FB6A}
	EndGlobalSection
EndGlobal
